PODS:
  - Alamofire (5.4.4)
  - Mocker (2.5.4)
  - SDWebImage (5.11.1):
    - SDWebImage/Core (= 5.11.1)
  - SDWebImage/Core (5.11.1)

DEPENDENCIES:
  - Alamofire (= 5.4.4)
  - Mocker (= 2.5.4)
  - SDWebImage (= 5.11.1)

SPEC REPOS:
  trunk:
    - Alamofire
    - Mocker
    - SDWebImage

SPEC CHECKSUMS:
  Alamofire: f3b09a368f1582ab751b3fff5460276e0d2cf5c9
  Mocker: a507909031ef5d1014fe18f383c1d0f96c182b99
  SDWebImage: a7f831e1a65eb5e285e3fb046a23fcfbf08e696d

PODFILE CHECKSUM: 11c36656bafe65867c06dc179884e2ba5e7ba374

COCOAPODS: 1.11.2
